
Microsoft Visual Studio Solution File, Format Version 12.00
# Visual Studio Version 17
VisualStudioVersion = 17.11.35327.3
MinimumVisualStudioVersion = 10.0.40219.1
Project("{2150E333-8FDC-42A3-9474-1A3956D46DE8}") = "Level0", "Level0", "{B015A265-7AC0-4DF5-BFC4-9B83CFFD887D}"
EndProject
Project("{8BC9CEB8-8B4A-11D0-8D11-00A0C91BC942}") = "EngineBase", "EngineBase\EngineBase.vcxproj", "{00E3FE5A-ABBA-4ACB-915A-D549F6A262EF}"
EndProject
Global
	GlobalSection(SolutionConfigurationPlatforms) = preSolution
		Debug|x64 = Debug|x64
		Debug|x86 = Debug|x86
		Release|x64 = Release|x64
		Release|x86 = Release|x86
	EndGlobalSection
	GlobalSection(ProjectConfigurationPlatforms) = postSolution
		{00E3FE5A-ABBA-4ACB-915A-D549F6A262EF}.Debug|x64.ActiveCfg = Debug|x64
		{00E3FE5A-ABBA-4ACB-915A-D549F6A262EF}.Debug|x64.Build.0 = Debug|x64
		{00E3FE5A-ABBA-4ACB-915A-D549F6A262EF}.Debug|x86.ActiveCfg = Debug|Win32
		{00E3FE5A-ABBA-4ACB-915A-D549F6A262EF}.Debug|x86.Build.0 = Debug|Win32
		{00E3FE5A-ABBA-4ACB-915A-D549F6A262EF}.Release|x64.ActiveCfg = Release|x64
		{00E3FE5A-ABBA-4ACB-915A-D549F6A262EF}.Release|x64.Build.0 = Release|x64
		{00E3FE5A-ABBA-4ACB-915A-D549F6A262EF}.Release|x86.ActiveCfg = Release|Win32
		{00E3FE5A-ABBA-4ACB-915A-D549F6A262EF}.Release|x86.Build.0 = Release|Win32
	EndGlobalSection
	GlobalSection(SolutionProperties) = preSolution
		HideSolutionNode = FALSE
	EndGlobalSection
	GlobalSection(NestedProjects) = preSolution
		{00E3FE5A-ABBA-4ACB-915A-D549F6A262EF} = {B015A265-7AC0-4DF5-BFC4-9B83CFFD887D}
	EndGlobalSection
	GlobalSection(ExtensibilityGlobals) = postSolution
		SolutionGuid = {A7F0BADD-D2A5-4B82-8FC2-87E894F79313}
	EndGlobalSection
EndGlobal
