
Microsoft Visual Studio Solution File, Format Version 12.00
# Visual Studio Version 17
VisualStudioVersion = 17.11.35327.3
MinimumVisualStudioVersion = 10.0.40219.1
Project("{2150E333-8FDC-42A3-9474-1A3956D46DE8}") = "Level0", "Level0", "{B015A265-7AC0-4DF5-BFC4-9B83CFFD887D}"
EndProject
Project("{2150E333-8FDC-42A3-9474-1A3956D46DE8}") = "Level1", "Level1", "{70571A21-2033-4E97-9C3B-BBD59EC30112}"
EndProject
Project("{2150E333-8FDC-42A3-9474-1A3956D46DE8}") = "Level2", "Level2", "{AFA4CBA5-B8CA-4E86-8424-FAF2DFCD3FCB}"
EndProject
Project("{2150E333-8FDC-42A3-9474-1A3956D46DE8}") = "Level3", "Level3", "{71D1FA36-9B50-4E97-A409-8331FEC3141C}"
EndProject
Project("{2150E333-8FDC-42A3-9474-1A3956D46DE8}") = "Level4", "Level4", "{17144D8D-9F65-47A1-B773-4EA88B5FAB28}"
EndProject
Project("{8BC9CEB8-8B4A-11D0-8D11-00A0C91BC942}") = "EngineCore", "EngineCore\EngineCore.vcxproj", "{6823FEA1-9B1A-422E-B866-F7FEAD63369F}"
EndProject
Project("{8BC9CEB8-8B4A-11D0-8D11-00A0C91BC942}") = "ContentsCore", "ContentsCore\ContentsCore.vcxproj", "{5FB2A0AB-0FAE-4335-B7B7-9FA665E9A25F}"
EndProject
Project("{8BC9CEB8-8B4A-11D0-8D11-00A0C91BC942}") = "App", "App\App.vcxproj", "{71A44E98-D0A1-4F34-9F50-E7B981E3CE15}"
EndProject
Project("{8BC9CEB8-8B4A-11D0-8D11-00A0C91BC942}") = "EnginePlatform", "EnginePlatform\EnginePlatform.vcxproj", "{9C6A6FEB-821C-4DFF-804F-AED6E4F8F52D}"
EndProject
Project("{8BC9CEB8-8B4A-11D0-8D11-00A0C91BC942}") = "EngineBase", "EngineBase\EngineBase.vcxproj", "{627A4A25-2135-4FC5-ADD7-A3588DFA60FB}"
EndProject
Global
	GlobalSection(SolutionConfigurationPlatforms) = preSolution
		Debug|x64 = Debug|x64
		Debug|x86 = Debug|x86
		Release|x64 = Release|x64
		Release|x86 = Release|x86
	EndGlobalSection
	GlobalSection(ProjectConfigurationPlatforms) = postSolution
		{6823FEA1-9B1A-422E-B866-F7FEAD63369F}.Debug|x64.ActiveCfg = Debug|x64
		{6823FEA1-9B1A-422E-B866-F7FEAD63369F}.Debug|x64.Build.0 = Debug|x64
		{6823FEA1-9B1A-422E-B866-F7FEAD63369F}.Debug|x86.ActiveCfg = Debug|Win32
		{6823FEA1-9B1A-422E-B866-F7FEAD63369F}.Debug|x86.Build.0 = Debug|Win32
		{6823FEA1-9B1A-422E-B866-F7FEAD63369F}.Release|x64.ActiveCfg = Release|x64
		{6823FEA1-9B1A-422E-B866-F7FEAD63369F}.Release|x64.Build.0 = Release|x64
		{6823FEA1-9B1A-422E-B866-F7FEAD63369F}.Release|x86.ActiveCfg = Release|Win32
		{6823FEA1-9B1A-422E-B866-F7FEAD63369F}.Release|x86.Build.0 = Release|Win32
		{5FB2A0AB-0FAE-4335-B7B7-9FA665E9A25F}.Debug|x64.ActiveCfg = Debug|x64
		{5FB2A0AB-0FAE-4335-B7B7-9FA665E9A25F}.Debug|x64.Build.0 = Debug|x64
		{5FB2A0AB-0FAE-4335-B7B7-9FA665E9A25F}.Debug|x86.ActiveCfg = Debug|Win32
		{5FB2A0AB-0FAE-4335-B7B7-9FA665E9A25F}.Debug|x86.Build.0 = Debug|Win32
		{5FB2A0AB-0FAE-4335-B7B7-9FA665E9A25F}.Release|x64.ActiveCfg = Release|x64
		{5FB2A0AB-0FAE-4335-B7B7-9FA665E9A25F}.Release|x64.Build.0 = Release|x64
		{5FB2A0AB-0FAE-4335-B7B7-9FA665E9A25F}.Release|x86.ActiveCfg = Release|Win32
		{5FB2A0AB-0FAE-4335-B7B7-9FA665E9A25F}.Release|x86.Build.0 = Release|Win32
		{71A44E98-D0A1-4F34-9F50-E7B981E3CE15}.Debug|x64.ActiveCfg = Debug|x64
		{71A44E98-D0A1-4F34-9F50-E7B981E3CE15}.Debug|x64.Build.0 = Debug|x64
		{71A44E98-D0A1-4F34-9F50-E7B981E3CE15}.Debug|x86.ActiveCfg = Debug|Win32
		{71A44E98-D0A1-4F34-9F50-E7B981E3CE15}.Debug|x86.Build.0 = Debug|Win32
		{71A44E98-D0A1-4F34-9F50-E7B981E3CE15}.Release|x64.ActiveCfg = Release|x64
		{71A44E98-D0A1-4F34-9F50-E7B981E3CE15}.Release|x64.Build.0 = Release|x64
		{71A44E98-D0A1-4F34-9F50-E7B981E3CE15}.Release|x86.ActiveCfg = Release|Win32
		{71A44E98-D0A1-4F34-9F50-E7B981E3CE15}.Release|x86.Build.0 = Release|Win32
		{9C6A6FEB-821C-4DFF-804F-AED6E4F8F52D}.Debug|x64.ActiveCfg = Debug|x64
		{9C6A6FEB-821C-4DFF-804F-AED6E4F8F52D}.Debug|x64.Build.0 = Debug|x64
		{9C6A6FEB-821C-4DFF-804F-AED6E4F8F52D}.Debug|x86.ActiveCfg = Debug|Win32
		{9C6A6FEB-821C-4DFF-804F-AED6E4F8F52D}.Debug|x86.Build.0 = Debug|Win32
		{9C6A6FEB-821C-4DFF-804F-AED6E4F8F52D}.Release|x64.ActiveCfg = Release|x64
		{9C6A6FEB-821C-4DFF-804F-AED6E4F8F52D}.Release|x64.Build.0 = Release|x64
		{9C6A6FEB-821C-4DFF-804F-AED6E4F8F52D}.Release|x86.ActiveCfg = Release|Win32
		{9C6A6FEB-821C-4DFF-804F-AED6E4F8F52D}.Release|x86.Build.0 = Release|Win32
		{627A4A25-2135-4FC5-ADD7-A3588DFA60FB}.Debug|x64.ActiveCfg = Debug|x64
		{627A4A25-2135-4FC5-ADD7-A3588DFA60FB}.Debug|x64.Build.0 = Debug|x64
		{627A4A25-2135-4FC5-ADD7-A3588DFA60FB}.Debug|x86.ActiveCfg = Debug|Win32
		{627A4A25-2135-4FC5-ADD7-A3588DFA60FB}.Debug|x86.Build.0 = Debug|Win32
		{627A4A25-2135-4FC5-ADD7-A3588DFA60FB}.Release|x64.ActiveCfg = Release|x64
		{627A4A25-2135-4FC5-ADD7-A3588DFA60FB}.Release|x64.Build.0 = Release|x64
		{627A4A25-2135-4FC5-ADD7-A3588DFA60FB}.Release|x86.ActiveCfg = Release|Win32
		{627A4A25-2135-4FC5-ADD7-A3588DFA60FB}.Release|x86.Build.0 = Release|Win32
	EndGlobalSection
	GlobalSection(SolutionProperties) = preSolution
		HideSolutionNode = FALSE
	EndGlobalSection
	GlobalSection(NestedProjects) = preSolution
		{6823FEA1-9B1A-422E-B866-F7FEAD63369F} = {AFA4CBA5-B8CA-4E86-8424-FAF2DFCD3FCB}
		{5FB2A0AB-0FAE-4335-B7B7-9FA665E9A25F} = {71D1FA36-9B50-4E97-A409-8331FEC3141C}
		{71A44E98-D0A1-4F34-9F50-E7B981E3CE15} = {17144D8D-9F65-47A1-B773-4EA88B5FAB28}
		{9C6A6FEB-821C-4DFF-804F-AED6E4F8F52D} = {70571A21-2033-4E97-9C3B-BBD59EC30112}
		{627A4A25-2135-4FC5-ADD7-A3588DFA60FB} = {B015A265-7AC0-4DF5-BFC4-9B83CFFD887D}
	EndGlobalSection
	GlobalSection(ExtensibilityGlobals) = postSolution
		SolutionGuid = {A7F0BADD-D2A5-4B82-8FC2-87E894F79313}
	EndGlobalSection
EndGlobal
