<?xml version="1.0" encoding="utf-8"?>
<Project ToolsVersion="4.0" xmlns="http://schemas.microsoft.com/developer/msbuild/2003">
  <ItemGroup>
    <Filter Include="Core">
      <UniqueIdentifier>{a5c5b3f9-595e-47ce-ab9f-09f879a188b0}</UniqueIdentifier>
    </Filter>
    <Filter Include="Object">
      <UniqueIdentifier>{7ca14a57-8a1d-43ae-9ca5-ef3dd149171d}</UniqueIdentifier>
    </Filter>
    <Filter Include="Object\Level">
      <UniqueIdentifier>{730d5b83-c775-4f07-b697-200985e3789f}</UniqueIdentifier>
    </Filter>
    <Filter Include="Object\Actor">
      <UniqueIdentifier>{a2d91cc2-1d0f-447f-91bc-a87d039a63f0}</UniqueIdentifier>
    </Filter>
  </ItemGroup>
  <ItemGroup>
    <ClInclude Include="ContentsCore.h">
      <Filter>Core</Filter>
    </ClInclude>
    <ClInclude Include="TestLevel.h">
      <Filter>Object\Level</Filter>
    </ClInclude>
    <ClInclude Include="TestActor.h">
      <Filter>Object\Actor</Filter>
    </ClInclude>
  </ItemGroup>
  <ItemGroup>
    <ClCompile Include="ContentsCore.cpp">
      <Filter>Core</Filter>
    </ClCompile>
    <ClCompile Include="TestLevel.cpp">
      <Filter>Object\Level</Filter>
    </ClCompile>
    <ClCompile Include="TestActor.cpp">
      <Filter>Object\Actor</Filter>
    </ClCompile>
  </ItemGroup>
</Project>