
Microsoft Visual Studio Solution File, Format Version 12.00
# Visual Studio Version 17
VisualStudioVersion = 17.9.34616.47
MinimumVisualStudioVersion = 10.0.40219.1
Project("{2150E333-8FDC-42A3-9474-1A3956D46DE8}") = "Level0", "Level0", "{FA6B48F9-D5A8-48BD-8FCA-F0193816B646}"
EndProject
Project("{2150E333-8FDC-42A3-9474-1A3956D46DE8}") = "Level1", "Level1", "{80CF4EAD-0652-4AD1-A1BB-29FF6FC20524}"
EndProject
Project("{2150E333-8FDC-42A3-9474-1A3956D46DE8}") = "Level2", "Level2", "{6A3BACCC-003F-4D2C-9C42-EEA69858146A}"
EndProject
Project("{2150E333-8FDC-42A3-9474-1A3956D46DE8}") = "Level3", "Level3", "{AAB529D4-7FCF-4CE0-80AB-0DFCAF19CF2B}"
EndProject
Project("{2150E333-8FDC-42A3-9474-1A3956D46DE8}") = "Level4", "Level4", "{198E1DCA-0FF2-4543-B203-D5CD8F1A725A}"
EndProject
Project("{8BC9CEB8-8B4A-11D0-8D11-00A0C91BC942}") = "EngineBase", "EngineBase\EngineBase.vcxproj", "{461ED5BD-81F6-4D42-9508-2BD7A97EAE71}"
EndProject
Project("{8BC9CEB8-8B4A-11D0-8D11-00A0C91BC942}") = "EnginePlatform", "EnginePlatform\EnginePlatform.vcxproj", "{4E06EC86-A405-4920-8A15-D1E66637D868}"
	ProjectSection(ProjectDependencies) = postProject
		{461ED5BD-81F6-4D42-9508-2BD7A97EAE71} = {461ED5BD-81F6-4D42-9508-2BD7A97EAE71}
	EndProjectSection
EndProject
Project("{8BC9CEB8-8B4A-11D0-8D11-00A0C91BC942}") = "EngineCore", "EngineCore\EngineCore.vcxproj", "{1679173F-9B60-4580-8207-931A90CFADED}"
	ProjectSection(ProjectDependencies) = postProject
		{461ED5BD-81F6-4D42-9508-2BD7A97EAE71} = {461ED5BD-81F6-4D42-9508-2BD7A97EAE71}
		{4E06EC86-A405-4920-8A15-D1E66637D868} = {4E06EC86-A405-4920-8A15-D1E66637D868}
	EndProjectSection
EndProject
Project("{8BC9CEB8-8B4A-11D0-8D11-00A0C91BC942}") = "Contents", "Contents\Contents.vcxproj", "{C777CAE3-494D-4A64-A3C6-217C2CD778E4}"
	ProjectSection(ProjectDependencies) = postProject
		{1679173F-9B60-4580-8207-931A90CFADED} = {1679173F-9B60-4580-8207-931A90CFADED}
		{461ED5BD-81F6-4D42-9508-2BD7A97EAE71} = {461ED5BD-81F6-4D42-9508-2BD7A97EAE71}
		{4E06EC86-A405-4920-8A15-D1E66637D868} = {4E06EC86-A405-4920-8A15-D1E66637D868}
	EndProjectSection
EndProject
Project("{8BC9CEB8-8B4A-11D0-8D11-00A0C91BC942}") = "App", "App\App.vcxproj", "{8CB291AC-172D-4512-A522-96F2A378E9F9}"
	ProjectSection(ProjectDependencies) = postProject
		{1679173F-9B60-4580-8207-931A90CFADED} = {1679173F-9B60-4580-8207-931A90CFADED}
		{461ED5BD-81F6-4D42-9508-2BD7A97EAE71} = {461ED5BD-81F6-4D42-9508-2BD7A97EAE71}
		{4E06EC86-A405-4920-8A15-D1E66637D868} = {4E06EC86-A405-4920-8A15-D1E66637D868}
		{C777CAE3-494D-4A64-A3C6-217C2CD778E4} = {C777CAE3-494D-4A64-A3C6-217C2CD778E4}
	EndProjectSection
EndProject
Global
	GlobalSection(SolutionConfigurationPlatforms) = preSolution
		Debug|x64 = Debug|x64
		Debug|x86 = Debug|x86
		Release|x64 = Release|x64
		Release|x86 = Release|x86
	EndGlobalSection
	GlobalSection(ProjectConfigurationPlatforms) = postSolution
		{461ED5BD-81F6-4D42-9508-2BD7A97EAE71}.Debug|x64.ActiveCfg = Debug|x64
		{461ED5BD-81F6-4D42-9508-2BD7A97EAE71}.Debug|x64.Build.0 = Debug|x64
		{461ED5BD-81F6-4D42-9508-2BD7A97EAE71}.Debug|x86.ActiveCfg = Debug|Win32
		{461ED5BD-81F6-4D42-9508-2BD7A97EAE71}.Debug|x86.Build.0 = Debug|Win32
		{461ED5BD-81F6-4D42-9508-2BD7A97EAE71}.Release|x64.ActiveCfg = Release|x64
		{461ED5BD-81F6-4D42-9508-2BD7A97EAE71}.Release|x64.Build.0 = Release|x64
		{461ED5BD-81F6-4D42-9508-2BD7A97EAE71}.Release|x86.ActiveCfg = Release|Win32
		{461ED5BD-81F6-4D42-9508-2BD7A97EAE71}.Release|x86.Build.0 = Release|Win32
		{4E06EC86-A405-4920-8A15-D1E66637D868}.Debug|x64.ActiveCfg = Debug|x64
		{4E06EC86-A405-4920-8A15-D1E66637D868}.Debug|x64.Build.0 = Debug|x64
		{4E06EC86-A405-4920-8A15-D1E66637D868}.Debug|x86.ActiveCfg = Debug|Win32
		{4E06EC86-A405-4920-8A15-D1E66637D868}.Debug|x86.Build.0 = Debug|Win32
		{4E06EC86-A405-4920-8A15-D1E66637D868}.Release|x64.ActiveCfg = Release|x64
		{4E06EC86-A405-4920-8A15-D1E66637D868}.Release|x64.Build.0 = Release|x64
		{4E06EC86-A405-4920-8A15-D1E66637D868}.Release|x86.ActiveCfg = Release|Win32
		{4E06EC86-A405-4920-8A15-D1E66637D868}.Release|x86.Build.0 = Release|Win32
		{1679173F-9B60-4580-8207-931A90CFADED}.Debug|x64.ActiveCfg = Debug|x64
		{1679173F-9B60-4580-8207-931A90CFADED}.Debug|x64.Build.0 = Debug|x64
		{1679173F-9B60-4580-8207-931A90CFADED}.Debug|x86.ActiveCfg = Debug|Win32
		{1679173F-9B60-4580-8207-931A90CFADED}.Debug|x86.Build.0 = Debug|Win32
		{1679173F-9B60-4580-8207-931A90CFADED}.Release|x64.ActiveCfg = Release|x64
		{1679173F-9B60-4580-8207-931A90CFADED}.Release|x64.Build.0 = Release|x64
		{1679173F-9B60-4580-8207-931A90CFADED}.Release|x86.ActiveCfg = Release|Win32
		{1679173F-9B60-4580-8207-931A90CFADED}.Release|x86.Build.0 = Release|Win32
		{C777CAE3-494D-4A64-A3C6-217C2CD778E4}.Debug|x64.ActiveCfg = Debug|x64
		{C777CAE3-494D-4A64-A3C6-217C2CD778E4}.Debug|x64.Build.0 = Debug|x64
		{C777CAE3-494D-4A64-A3C6-217C2CD778E4}.Debug|x86.ActiveCfg = Debug|Win32
		{C777CAE3-494D-4A64-A3C6-217C2CD778E4}.Debug|x86.Build.0 = Debug|Win32
		{C777CAE3-494D-4A64-A3C6-217C2CD778E4}.Release|x64.ActiveCfg = Release|x64
		{C777CAE3-494D-4A64-A3C6-217C2CD778E4}.Release|x64.Build.0 = Release|x64
		{C777CAE3-494D-4A64-A3C6-217C2CD778E4}.Release|x86.ActiveCfg = Release|Win32
		{C777CAE3-494D-4A64-A3C6-217C2CD778E4}.Release|x86.Build.0 = Release|Win32
		{8CB291AC-172D-4512-A522-96F2A378E9F9}.Debug|x64.ActiveCfg = Debug|x64
		{8CB291AC-172D-4512-A522-96F2A378E9F9}.Debug|x64.Build.0 = Debug|x64
		{8CB291AC-172D-4512-A522-96F2A378E9F9}.Debug|x86.ActiveCfg = Debug|Win32
		{8CB291AC-172D-4512-A522-96F2A378E9F9}.Debug|x86.Build.0 = Debug|Win32
		{8CB291AC-172D-4512-A522-96F2A378E9F9}.Release|x64.ActiveCfg = Release|x64
		{8CB291AC-172D-4512-A522-96F2A378E9F9}.Release|x64.Build.0 = Release|x64
		{8CB291AC-172D-4512-A522-96F2A378E9F9}.Release|x86.ActiveCfg = Release|Win32
		{8CB291AC-172D-4512-A522-96F2A378E9F9}.Release|x86.Build.0 = Release|Win32
	EndGlobalSection
	GlobalSection(SolutionProperties) = preSolution
		HideSolutionNode = FALSE
	EndGlobalSection
	GlobalSection(NestedProjects) = preSolution
		{461ED5BD-81F6-4D42-9508-2BD7A97EAE71} = {FA6B48F9-D5A8-48BD-8FCA-F0193816B646}
		{4E06EC86-A405-4920-8A15-D1E66637D868} = {80CF4EAD-0652-4AD1-A1BB-29FF6FC20524}
		{1679173F-9B60-4580-8207-931A90CFADED} = {6A3BACCC-003F-4D2C-9C42-EEA69858146A}
		{C777CAE3-494D-4A64-A3C6-217C2CD778E4} = {AAB529D4-7FCF-4CE0-80AB-0DFCAF19CF2B}
		{8CB291AC-172D-4512-A522-96F2A378E9F9} = {198E1DCA-0FF2-4543-B203-D5CD8F1A725A}
	EndGlobalSection
	GlobalSection(ExtensibilityGlobals) = postSolution
		SolutionGuid = {97A51ADB-E03F-4341-9721-CE33F6ECBE82}
	EndGlobalSection
EndGlobal
