<?xml version="1.0" encoding="utf-8"?>
<Project ToolsVersion="4.0" xmlns="http://schemas.microsoft.com/developer/msbuild/2003">
  <ItemGroup>
    <Filter Include="Debug">
      <UniqueIdentifier>{d959c4be-581c-416a-84c5-9a4c560287b6}</UniqueIdentifier>
    </Filter>
    <Filter Include="IO">
      <UniqueIdentifier>{adca682a-acd2-47eb-bba4-6e0abfc80fa4}</UniqueIdentifier>
    </Filter>
    <Filter Include="Math">
      <UniqueIdentifier>{78b12378-8a8e-4440-bd5d-22d0ad7dc927}</UniqueIdentifier>
    </Filter>
    <Filter Include="Object">
      <UniqueIdentifier>{229bc37e-0098-4139-b0ab-daa60a59d16b}</UniqueIdentifier>
    </Filter>
    <Filter Include="String">
      <UniqueIdentifier>{6b4b2efe-a30b-4c8a-bbe5-f5297663d004}</UniqueIdentifier>
    </Filter>
  </ItemGroup>
  <ItemGroup>
    <ClInclude Include="EngineDebug.h">
      <Filter>Debug</Filter>
    </ClInclude>
    <ClInclude Include="EngineDirectory.h">
      <Filter>IO</Filter>
    </ClInclude>
    <ClInclude Include="EngineFile.h">
      <Filter>IO</Filter>
    </ClInclude>
    <ClInclude Include="EnginePath.h">
      <Filter>IO</Filter>
    </ClInclude>
    <ClInclude Include="EngineSerializer.h">
      <Filter>IO</Filter>
    </ClInclude>
    <ClInclude Include="EngineMath.h">
      <Filter>Math</Filter>
    </ClInclude>
    <ClInclude Include="EngineRandom.h">
      <Filter>Math</Filter>
    </ClInclude>
    <ClInclude Include="Transform.h">
      <Filter>Math</Filter>
    </ClInclude>
    <ClInclude Include="NameObject.h">
      <Filter>Object</Filter>
    </ClInclude>
    <ClInclude Include="PathObject.h">
      <Filter>Object</Filter>
    </ClInclude>
    <ClInclude Include="EngineString.h">
      <Filter>String</Filter>
    </ClInclude>
  </ItemGroup>
  <ItemGroup>
    <ClCompile Include="EngineDebug.cpp">
      <Filter>Debug</Filter>
    </ClCompile>
    <ClCompile Include="EngineDirectory.cpp">
      <Filter>IO</Filter>
    </ClCompile>
    <ClCompile Include="EngineFile.cpp">
      <Filter>IO</Filter>
    </ClCompile>
    <ClCompile Include="EnginePath.cpp">
      <Filter>IO</Filter>
    </ClCompile>
    <ClCompile Include="EngineSerializer.cpp">
      <Filter>IO</Filter>
    </ClCompile>
    <ClCompile Include="EngineMath.cpp">
      <Filter>Math</Filter>
    </ClCompile>
    <ClCompile Include="EngineRandom.cpp">
      <Filter>Math</Filter>
    </ClCompile>
    <ClCompile Include="Transform.cpp">
      <Filter>Math</Filter>
    </ClCompile>
    <ClCompile Include="NameObject.cpp">
      <Filter>Object</Filter>
    </ClCompile>
    <ClCompile Include="PathObject.cpp">
      <Filter>Object</Filter>
    </ClCompile>
    <ClCompile Include="EngineString.cpp">
      <Filter>String</Filter>
    </ClCompile>
  </ItemGroup>
</Project>